
Microsoft Visual Studio Solution File, Format Version 12.00
# Visual Studio Version 17
VisualStudioVersion = 17.10.35013.160
MinimumVisualStudioVersion = 10.0.40219.1
Project("{FAE04EC0-301F-11D3-BF4B-00C04F79EFBC}") = "CartaoCredito", "CartaoCredito\CartaoCredito.csproj", "{EBF6CC34-9A56-4E1F-A1CF-9A3A7F7AF30F}"
EndProject
Global
	GlobalSection(SolutionConfigurationPlatforms) = preSolution
		Debug|Any CPU = Debug|Any CPU
		Release|Any CPU = Release|Any CPU
	EndGlobalSection
	GlobalSection(ProjectConfigurationPlatforms) = postSolution
		{EBF6CC34-9A56-4E1F-A1CF-9A3A7F7AF30F}.Debug|Any CPU.ActiveCfg = Debug|Any CPU
		{EBF6CC34-9A56-4E1F-A1CF-9A3A7F7AF30F}.Debug|Any CPU.Build.0 = Debug|Any CPU
		{EBF6CC34-9A56-4E1F-A1CF-9A3A7F7AF30F}.Release|Any CPU.ActiveCfg = Release|Any CPU
		{EBF6CC34-9A56-4E1F-A1CF-9A3A7F7AF30F}.Release|Any CPU.Build.0 = Release|Any CPU
	EndGlobalSection
	GlobalSection(SolutionProperties) = preSolution
		HideSolutionNode = FALSE
	EndGlobalSection
	GlobalSection(ExtensibilityGlobals) = postSolution
		SolutionGuid = {033B4A8C-33B1-494B-956C-7F26F9845606}
	EndGlobalSection
EndGlobal
